
Microsoft Visual Studio Solution File, Format Version 12.00
# Visual Studio Version 17
VisualStudioVersion = 17.7.34031.279
MinimumVisualStudioVersion = 10.0.40219.1
Project("{9A19103F-16F7-4668-BE54-9A1E7A4F7556}") = "MyNewwRedis", "MyNewwRedis\MyNewwRedis.csproj", "{B3F4A3BA-62DE-49A2-88FD-2110DC826A03}"
EndProject
Project("{9A19103F-16F7-4668-BE54-9A1E7A4F7556}") = "RedisApp", "RedisApp\RedisApp.csproj", "{DA5E572C-779A-4AA1-A295-30CEC81A0CF5}"
EndProject
Global
	GlobalSection(SolutionConfigurationPlatforms) = preSolution
		Debug|Any CPU = Debug|Any CPU
		Release|Any CPU = Release|Any CPU
	EndGlobalSection
	GlobalSection(ProjectConfigurationPlatforms) = postSolution
		{B3F4A3BA-62DE-49A2-88FD-2110DC826A03}.Debug|Any CPU.ActiveCfg = Debug|Any CPU
		{B3F4A3BA-62DE-49A2-88FD-2110DC826A03}.Debug|Any CPU.Build.0 = Debug|Any CPU
		{B3F4A3BA-62DE-49A2-88FD-2110DC826A03}.Release|Any CPU.ActiveCfg = Release|Any CPU
		{B3F4A3BA-62DE-49A2-88FD-2110DC826A03}.Release|Any CPU.Build.0 = Release|Any CPU
		{DA5E572C-779A-4AA1-A295-30CEC81A0CF5}.Debug|Any CPU.ActiveCfg = Debug|Any CPU
		{DA5E572C-779A-4AA1-A295-30CEC81A0CF5}.Debug|Any CPU.Build.0 = Debug|Any CPU
		{DA5E572C-779A-4AA1-A295-30CEC81A0CF5}.Release|Any CPU.ActiveCfg = Release|Any CPU
		{DA5E572C-779A-4AA1-A295-30CEC81A0CF5}.Release|Any CPU.Build.0 = Release|Any CPU
	EndGlobalSection
	GlobalSection(SolutionProperties) = preSolution
		HideSolutionNode = FALSE
	EndGlobalSection
	GlobalSection(ExtensibilityGlobals) = postSolution
		SolutionGuid = {B983EF67-3FDE-47C2-8578-8ECEA0DFD472}
	EndGlobalSection
EndGlobal
